
Microsoft Visual Studio Solution File, Format Version 12.00
# Visual Studio 15
VisualStudioVersion = 15.0.26124.0
MinimumVisualStudioVersion = 15.0.26124.0
Project("{FAE04EC0-301F-11D3-BF4B-00C04F79EFBC}") = "Domain", "Domain\Domain.csproj", "{8C003119-A558-41FE-84DE-8AA4EE70ECE6}"
EndProject
Project("{FAE04EC0-301F-11D3-BF4B-00C04F79EFBC}") = "Application", "Application\Application.csproj", "{C2F25019-208A-4B89-8557-BE8025F71E38}"
EndProject
Project("{FAE04EC0-301F-11D3-BF4B-00C04F79EFBC}") = "Persistence", "Persistence\Persistence.csproj", "{626D4009-B5C3-4488-A588-D46BDCBAD5ED}"
EndProject
Project("{FAE04EC0-301F-11D3-BF4B-00C04F79EFBC}") = "API", "API\API.csproj", "{631D5A42-38F9-4612-83C1-2F39B6E383F7}"
EndProject
Global
	GlobalSection(SolutionConfigurationPlatforms) = preSolution
		Debug|Any CPU = Debug|Any CPU
		Debug|x64 = Debug|x64
		Debug|x86 = Debug|x86
		Release|Any CPU = Release|Any CPU
		Release|x64 = Release|x64
		Release|x86 = Release|x86
	EndGlobalSection
	GlobalSection(SolutionProperties) = preSolution
		HideSolutionNode = FALSE
	EndGlobalSection
	GlobalSection(ProjectConfigurationPlatforms) = postSolution
		{8C003119-A558-41FE-84DE-8AA4EE70ECE6}.Debug|Any CPU.ActiveCfg = Debug|Any CPU
		{8C003119-A558-41FE-84DE-8AA4EE70ECE6}.Debug|Any CPU.Build.0 = Debug|Any CPU
		{8C003119-A558-41FE-84DE-8AA4EE70ECE6}.Debug|x64.ActiveCfg = Debug|Any CPU
		{8C003119-A558-41FE-84DE-8AA4EE70ECE6}.Debug|x64.Build.0 = Debug|Any CPU
		{8C003119-A558-41FE-84DE-8AA4EE70ECE6}.Debug|x86.ActiveCfg = Debug|Any CPU
		{8C003119-A558-41FE-84DE-8AA4EE70ECE6}.Debug|x86.Build.0 = Debug|Any CPU
		{8C003119-A558-41FE-84DE-8AA4EE70ECE6}.Release|Any CPU.ActiveCfg = Release|Any CPU
		{8C003119-A558-41FE-84DE-8AA4EE70ECE6}.Release|Any CPU.Build.0 = Release|Any CPU
		{8C003119-A558-41FE-84DE-8AA4EE70ECE6}.Release|x64.ActiveCfg = Release|Any CPU
		{8C003119-A558-41FE-84DE-8AA4EE70ECE6}.Release|x64.Build.0 = Release|Any CPU
		{8C003119-A558-41FE-84DE-8AA4EE70ECE6}.Release|x86.ActiveCfg = Release|Any CPU
		{8C003119-A558-41FE-84DE-8AA4EE70ECE6}.Release|x86.Build.0 = Release|Any CPU
		{C2F25019-208A-4B89-8557-BE8025F71E38}.Debug|Any CPU.ActiveCfg = Debug|Any CPU
		{C2F25019-208A-4B89-8557-BE8025F71E38}.Debug|Any CPU.Build.0 = Debug|Any CPU
		{C2F25019-208A-4B89-8557-BE8025F71E38}.Debug|x64.ActiveCfg = Debug|Any CPU
		{C2F25019-208A-4B89-8557-BE8025F71E38}.Debug|x64.Build.0 = Debug|Any CPU
		{C2F25019-208A-4B89-8557-BE8025F71E38}.Debug|x86.ActiveCfg = Debug|Any CPU
		{C2F25019-208A-4B89-8557-BE8025F71E38}.Debug|x86.Build.0 = Debug|Any CPU
		{C2F25019-208A-4B89-8557-BE8025F71E38}.Release|Any CPU.ActiveCfg = Release|Any CPU
		{C2F25019-208A-4B89-8557-BE8025F71E38}.Release|Any CPU.Build.0 = Release|Any CPU
		{C2F25019-208A-4B89-8557-BE8025F71E38}.Release|x64.ActiveCfg = Release|Any CPU
		{C2F25019-208A-4B89-8557-BE8025F71E38}.Release|x64.Build.0 = Release|Any CPU
		{C2F25019-208A-4B89-8557-BE8025F71E38}.Release|x86.ActiveCfg = Release|Any CPU
		{C2F25019-208A-4B89-8557-BE8025F71E38}.Release|x86.Build.0 = Release|Any CPU
		{626D4009-B5C3-4488-A588-D46BDCBAD5ED}.Debug|Any CPU.ActiveCfg = Debug|Any CPU
		{626D4009-B5C3-4488-A588-D46BDCBAD5ED}.Debug|Any CPU.Build.0 = Debug|Any CPU
		{626D4009-B5C3-4488-A588-D46BDCBAD5ED}.Debug|x64.ActiveCfg = Debug|Any CPU
		{626D4009-B5C3-4488-A588-D46BDCBAD5ED}.Debug|x64.Build.0 = Debug|Any CPU
		{626D4009-B5C3-4488-A588-D46BDCBAD5ED}.Debug|x86.ActiveCfg = Debug|Any CPU
		{626D4009-B5C3-4488-A588-D46BDCBAD5ED}.Debug|x86.Build.0 = Debug|Any CPU
		{626D4009-B5C3-4488-A588-D46BDCBAD5ED}.Release|Any CPU.ActiveCfg = Release|Any CPU
		{626D4009-B5C3-4488-A588-D46BDCBAD5ED}.Release|Any CPU.Build.0 = Release|Any CPU
		{626D4009-B5C3-4488-A588-D46BDCBAD5ED}.Release|x64.ActiveCfg = Release|Any CPU
		{626D4009-B5C3-4488-A588-D46BDCBAD5ED}.Release|x64.Build.0 = Release|Any CPU
		{626D4009-B5C3-4488-A588-D46BDCBAD5ED}.Release|x86.ActiveCfg = Release|Any CPU
		{626D4009-B5C3-4488-A588-D46BDCBAD5ED}.Release|x86.Build.0 = Release|Any CPU
		{631D5A42-38F9-4612-83C1-2F39B6E383F7}.Debug|Any CPU.ActiveCfg = Debug|Any CPU
		{631D5A42-38F9-4612-83C1-2F39B6E383F7}.Debug|Any CPU.Build.0 = Debug|Any CPU
		{631D5A42-38F9-4612-83C1-2F39B6E383F7}.Debug|x64.ActiveCfg = Debug|Any CPU
		{631D5A42-38F9-4612-83C1-2F39B6E383F7}.Debug|x64.Build.0 = Debug|Any CPU
		{631D5A42-38F9-4612-83C1-2F39B6E383F7}.Debug|x86.ActiveCfg = Debug|Any CPU
		{631D5A42-38F9-4612-83C1-2F39B6E383F7}.Debug|x86.Build.0 = Debug|Any CPU
		{631D5A42-38F9-4612-83C1-2F39B6E383F7}.Release|Any CPU.ActiveCfg = Release|Any CPU
		{631D5A42-38F9-4612-83C1-2F39B6E383F7}.Release|Any CPU.Build.0 = Release|Any CPU
		{631D5A42-38F9-4612-83C1-2F39B6E383F7}.Release|x64.ActiveCfg = Release|Any CPU
		{631D5A42-38F9-4612-83C1-2F39B6E383F7}.Release|x64.Build.0 = Release|Any CPU
		{631D5A42-38F9-4612-83C1-2F39B6E383F7}.Release|x86.ActiveCfg = Release|Any CPU
		{631D5A42-38F9-4612-83C1-2F39B6E383F7}.Release|x86.Build.0 = Release|Any CPU
	EndGlobalSection
EndGlobal
